<Solution>
  <Folder Name="/Blade/">
    <Project Path="Blade/blade.csproj" />
  </Folder>
  <Project Path="Blade.Roslyn.Analyzers/Blade.Roslyn.Analyzers.csproj" />
  <Project Path="Blade.Tests/Blade.Tests.csproj" />
  <Project Path="Blade.Regressions/Blade.Regressions.csproj" />
  <Project Path="Blade.FuzzTest/Blade.FuzzTest.csproj" />
</Solution>
